{
  "name": "historical",
  "version": "0.0.1",
  "lockfileVersion": 1,
  "requires": true,
  "dependencies": {
    "pluralize": {
      "version": "8.0.0",
      "resolved": "https://registry.npmjs.org/pluralize/-/pluralize-8.0.0.tgz",
      "integrity": "sha512-Nc3IT5yHzflTfbjgqWcCPpo7DaKy4FnpB0l/zCAW0Tc7jxAiuqSxHasntB3D7887LSrA93kDJ9IXovxJYxyLCA=="
    },
    "simple-statistics": {
      "version": "7.0.5",
      "resolved": "https://registry.npmjs.org/simple-statistics/-/simple-statistics-7.0.5.tgz",
      "integrity": "sha512-Fz3TaU6ERtpemiNh5IVmJ93+W/kJUEAZ2MrKe2tQ8iU8aFrrwPhW+62MZE0OJlG3GKH6KgcADBz/McIx0s0NhA=="
    },
    "uuid": {
      "version": "3.3.3",
      "resolved": "https://registry.npmjs.org/uuid/-/uuid-3.3.3.tgz",
      "integrity": "sha512-pW0No1RGHgzlpHJO1nsVrHKpOEIxkGg1xB+v0ZmdNH5OAeAwzAVrCnI2/6Mtx+Uys6iaylxa+D3g4j63IKKjSQ=="
    }
  }
}
