{
  "name": "alerts",
  "version": "0.0.1",
  "lockfileVersion": 1,
  "requires": true,
  "dependencies": {
    "node-mngr-docs": {
      "version": "git+https://github.com/colo/node-mngr-docs.git#a9a8f259cc2564303e8614c9d1b052d82fee5b25"
    },
    "node-tabular-data": {
      "version": "git+https://github.com/colo/node-tabular-data.git#eb6dbed05330586a1ae2a63b32e30acca7b796c4"
    }
  }
}
