{
  "name": "alerts",
  "version": "0.0.1",
  "lockfileVersion": 1,
  "requires": true,
  "dependencies": {
    "node-mngr-docs": {
      "version": "git+https://github.com/colo/node-mngr-docs.git#dd4c817cbcba291cccaaff35de75f7fa12f356b4"
    },
    "node-tabular-data": {
      "version": "git+https://github.com/colo/node-tabular-data.git#0be70fa5853c15215a19477f11bdd941e0ebeb10"
    }
  }
}
