{
  "name": "alerts",
  "version": "0.0.1",
  "lockfileVersion": 1,
  "requires": true,
  "dependencies": {
    "node-mngr-docs": {
      "version": "git+https://github.com/colo/node-mngr-docs.git#40726e1737376ec92ac8e86056b0843124c1fe55"
    },
    "node-tabular-data": {
      "version": "git+https://github.com/colo/node-tabular-data.git#8f289ba98c8a5979cb604b47d4fe8da5a2fa8c69"
    }
  }
}
