{
  "name": "munin",
  "version": "1.0.0",
  "lockfileVersion": 1,
  "requires": true,
  "dependencies": {
    "async": {
      "version": "3.1.0",
      "resolved": "https://registry.npmjs.org/async/-/async-3.1.0.tgz",
      "integrity": "sha512-4vx/aaY6j/j3Lw3fbCHNWP0pPaTCew3F6F3hYyl/tHs/ndmV1q7NW9T5yuJ2XAGwdQrP+6Wu20x06U4APo/iQQ=="
    },
    "colors": {
      "version": "1.0.3",
      "resolved": "https://registry.npmjs.org/colors/-/colors-1.0.3.tgz",
      "integrity": "sha1-BDP0TYCWgP3rYO0mDxsMJi6CpAs="
    },
    "cycle": {
      "version": "1.0.3",
      "resolved": "https://registry.npmjs.org/cycle/-/cycle-1.0.3.tgz",
      "integrity": "sha1-IegLK+hYD5i0aPN5QwZisEbDStI="
    },
    "debug": {
      "version": "3.2.6",
      "resolved": "https://registry.npmjs.org/debug/-/debug-3.2.6.tgz",
      "integrity": "sha512-mel+jf7nrtEl5Pn1Qx46zARXKDpBbvzezse7p7LqINmdoIk8PYP5SySaxEmYv6TZ0JyEKA1hsCId6DIhgITtWQ==",
      "requires": {
        "ms": "^2.1.1"
      }
    },
    "eyes": {
      "version": "0.1.8",
      "resolved": "https://registry.npmjs.org/eyes/-/eyes-0.1.8.tgz",
      "integrity": "sha1-Ys8SAjTGg3hdkCNIqADvPgzCC8A="
    },
    "isstream": {
      "version": "0.1.2",
      "resolved": "https://registry.npmjs.org/isstream/-/isstream-0.1.2.tgz",
      "integrity": "sha1-R+Y/evVa+m+S4VAOaQ64uFKcCZo="
    },
    "mootools": {
      "version": "1.5.2",
      "resolved": "https://registry.npmjs.org/mootools/-/mootools-1.5.2.tgz",
      "integrity": "sha1-H93xtOCp5l0g1IO5tLCOHoexFho="
    },
    "ms": {
      "version": "2.1.2",
      "resolved": "https://registry.npmjs.org/ms/-/ms-2.1.2.tgz",
      "integrity": "sha512-sGkPx+VjMtmA6MX27oA4FBFELFCZZ4S4XqeGOXCv68tT+jb3vk/RyaKWP0PTKyWtmLSM0b+adUTEvbs1PEaH2w=="
    },
    "node-app": {
      "version": "git+https://github.com/colo/node-app.git#5e92f7d4acaba88c4404781d93c7409f4dbdd952",
      "from": "git+https://github.com/colo/node-app.git",
      "requires": {
        "mootools": "^1.5.2",
        "node-express-logger": "git+https://github.com/colo/node-express-logger.git#e9ba964e033f3d308f9d1a521382a2fe6929a362"
      }
    },
    "node-app-munin-client": {
      "version": "git+https://github.com/colo/node-app-munin-client.git#c1ec984d9b02b8559e9a288cbaa02d33a3ae293e",
      "from": "git+https://github.com/colo/node-app-munin-client.git",
      "requires": {
        "debug": "^3.1.0",
        "node-app": "git+https://github.com/colo/node-app.git#5e92f7d4acaba88c4404781d93c7409f4dbdd952",
        "node-express-authorization": "git+https://github.com/colo/node-express-authorization.git#c0a49397bfaa397f0cabc5584b55e178b93f2019",
        "node-munin-client": "git+https://github.com/colo/node-munin-client.git#6394988b20fa415245c5b9ecb46090e9662b13e3",
        "path-to-regexp": "^2.1.0"
      }
    },
    "node-express-authorization": {
      "version": "git+https://github.com/colo/node-express-authorization.git#c0a49397bfaa397f0cabc5584b55e178b93f2019",
      "from": "git+https://github.com/colo/node-express-authorization.git",
      "requires": {
        "mootools": "^1.5.2",
        "node-rbac": "git+https://github.com/colo/node-rbac.git#8456f6fbf3f42636c4f55bcd8651e4aac0ac122d"
      }
    },
    "node-express-logger": {
      "version": "git+https://github.com/colo/node-express-logger.git#e9ba964e033f3d308f9d1a521382a2fe6929a362",
      "from": "git+https://github.com/colo/node-express-logger.git",
      "requires": {
        "mootools": "^1.5.2",
        "winston": "^2.4.0",
        "winston-logstash": "^0.4.0"
      }
    },
    "node-munin-client": {
      "version": "git+https://github.com/colo/node-munin-client.git#6394988b20fa415245c5b9ecb46090e9662b13e3",
      "from": "git+https://github.com/colo/node-munin-client.git",
      "requires": {
        "mootools": "^1.5.2"
      }
    },
    "node-rbac": {
      "version": "git+https://github.com/colo/node-rbac.git#8456f6fbf3f42636c4f55bcd8651e4aac0ac122d",
      "from": "git+https://github.com/colo/node-rbac.git",
      "requires": {
        "mootools": "~1.5.1"
      }
    },
    "path-to-regexp": {
      "version": "2.4.0",
      "resolved": "https://registry.npmjs.org/path-to-regexp/-/path-to-regexp-2.4.0.tgz",
      "integrity": "sha512-G6zHoVqC6GGTQkZwF4lkuEyMbVOjoBKAEybQUypI1WTkqinCOrq2x6U2+phkJ1XsEMTy4LjtwPI7HW+NVrRR2w=="
    },
    "stack-trace": {
      "version": "0.0.10",
      "resolved": "https://registry.npmjs.org/stack-trace/-/stack-trace-0.0.10.tgz",
      "integrity": "sha1-VHxws0fo0ytOEI6hoqFZ5f3eGcA="
    },
    "winston": {
      "version": "2.4.4",
      "resolved": "https://registry.npmjs.org/winston/-/winston-2.4.4.tgz",
      "integrity": "sha512-NBo2Pepn4hK4V01UfcWcDlmiVTs7VTB1h7bgnB0rgP146bYhMxX0ypCz3lBOfNxCO4Zuek7yeT+y/zM1OfMw4Q==",
      "requires": {
        "async": "~1.0.0",
        "colors": "1.0.x",
        "cycle": "1.0.x",
        "eyes": "0.1.x",
        "isstream": "0.1.x",
        "stack-trace": "0.0.x"
      },
      "dependencies": {
        "async": {
          "version": "1.0.0",
          "resolved": "https://registry.npmjs.org/async/-/async-1.0.0.tgz",
          "integrity": "sha1-+PwEyjoTeErenhZBr5hXjPvWR6k="
        }
      }
    },
    "winston-logstash": {
      "version": "0.4.0",
      "resolved": "https://registry.npmjs.org/winston-logstash/-/winston-logstash-0.4.0.tgz",
      "integrity": "sha512-P31aKNVlgPWBWH5Q1mpa/S871bzofFF708FwjncU4vhxXfSJCVFC48yEk/iBgXCK4OlZkXtBxzRPEE+3dAdbEA=="
    }
  }
}
